
Microsoft Visual Studio Solution File, Format Version 12.00
# Visual Studio Version 16
VisualStudioVersion = 16.0.28803.156
MinimumVisualStudioVersion = 10.0.40219.1
Project("{FAE04EC0-301F-11D3-BF4B-00C04F79EFBC}") = "WebAdvert.Web", "WebAdvert.Web\WebAdvert.Web.csproj", "{F41B2F9D-CBA1-4A9E-A804-40CCFC5B2654}"
EndProject
Global
	GlobalSection(SolutionConfigurationPlatforms) = preSolution
		Debug|Any CPU = Debug|Any CPU
		Release|Any CPU = Release|Any CPU
	EndGlobalSection
	GlobalSection(ProjectConfigurationPlatforms) = postSolution
		{F41B2F9D-CBA1-4A9E-A804-40CCFC5B2654}.Debug|Any CPU.ActiveCfg = Debug|Any CPU
		{F41B2F9D-CBA1-4A9E-A804-40CCFC5B2654}.Debug|Any CPU.Build.0 = Debug|Any CPU
		{F41B2F9D-CBA1-4A9E-A804-40CCFC5B2654}.Release|Any CPU.ActiveCfg = Release|Any CPU
		{F41B2F9D-CBA1-4A9E-A804-40CCFC5B2654}.Release|Any CPU.Build.0 = Release|Any CPU
	EndGlobalSection
	GlobalSection(SolutionProperties) = preSolution
		HideSolutionNode = FALSE
	EndGlobalSection
	GlobalSection(ExtensibilityGlobals) = postSolution
		SolutionGuid = {869B4C88-C523-4FE8-BAD7-F0E2E430C430}
	EndGlobalSection
EndGlobal
